
Microsoft Visual Studio Solution File, Format Version 12.00
# Visual Studio Version 17
VisualStudioVersion = 17.5.33414.496
MinimumVisualStudioVersion = 10.0.40219.1
Project("{9A19103F-16F7-4668-BE54-9A1E7A4F7556}") = "CourseTask3.UI", "CourseTask3.UI.csproj", "{777C349D-6B1B-4B9F-AE39-5003EE0C93D9}"
EndProject
Project("{FAE04EC0-301F-11D3-BF4B-00C04F79EFBC}") = "CourseTask3.BusinessLogic", "..\CourseTask3.BusinessLogic\CourseTask3.BusinessLogic.csproj", "{22EE8E03-7088-458C-A8FC-95EEFD38367C}"
EndProject
Project("{FAE04EC0-301F-11D3-BF4B-00C04F79EFBC}") = "CourseTask3.Repository", "..\CourseTask3.Repository\CourseTask3.Repository.csproj", "{92111447-CCA3-4120-8031-F8C3899768B5}"
EndProject
Global
	GlobalSection(SolutionConfigurationPlatforms) = preSolution
		Debug|Any CPU = Debug|Any CPU
		Release|Any CPU = Release|Any CPU
	EndGlobalSection
	GlobalSection(ProjectConfigurationPlatforms) = postSolution
		{777C349D-6B1B-4B9F-AE39-5003EE0C93D9}.Debug|Any CPU.ActiveCfg = Debug|Any CPU
		{777C349D-6B1B-4B9F-AE39-5003EE0C93D9}.Debug|Any CPU.Build.0 = Debug|Any CPU
		{777C349D-6B1B-4B9F-AE39-5003EE0C93D9}.Release|Any CPU.ActiveCfg = Release|Any CPU
		{777C349D-6B1B-4B9F-AE39-5003EE0C93D9}.Release|Any CPU.Build.0 = Release|Any CPU
		{22EE8E03-7088-458C-A8FC-95EEFD38367C}.Debug|Any CPU.ActiveCfg = Debug|Any CPU
		{22EE8E03-7088-458C-A8FC-95EEFD38367C}.Debug|Any CPU.Build.0 = Debug|Any CPU
		{22EE8E03-7088-458C-A8FC-95EEFD38367C}.Release|Any CPU.ActiveCfg = Release|Any CPU
		{22EE8E03-7088-458C-A8FC-95EEFD38367C}.Release|Any CPU.Build.0 = Release|Any CPU
		{92111447-CCA3-4120-8031-F8C3899768B5}.Debug|Any CPU.ActiveCfg = Debug|Any CPU
		{92111447-CCA3-4120-8031-F8C3899768B5}.Debug|Any CPU.Build.0 = Debug|Any CPU
		{92111447-CCA3-4120-8031-F8C3899768B5}.Release|Any CPU.ActiveCfg = Release|Any CPU
		{92111447-CCA3-4120-8031-F8C3899768B5}.Release|Any CPU.Build.0 = Release|Any CPU
	EndGlobalSection
	GlobalSection(SolutionProperties) = preSolution
		HideSolutionNode = FALSE
	EndGlobalSection
	GlobalSection(ExtensibilityGlobals) = postSolution
		SolutionGuid = {D56D59D9-6D19-4591-BAFA-DD64AB5CF91D}
	EndGlobalSection
EndGlobal
